<?xml version="1.0" encoding="utf-8"?>
<Project ToolsVersion="4.0" xmlns="http://schemas.microsoft.com/developer/msbuild/2003">
  <ItemGroup>
    <ClCompile Include="$(MSBuildThisFileDirectory)pLayer.cpp" />
    <ClCompile Include="$(MSBuildThisFileDirectory)pGameObject.cpp" />
    <ClCompile Include="$(MSBuildThisFileDirectory)pScene.cpp" />
    <ClCompile Include="$(MSBuildThisFileDirectory)pSceneManager.cpp" />
    <ClCompile Include="$(MSBuildThisFileDirectory)pScript.cpp" />
    <ClCompile Include="$(MSBuildThisFileDirectory)pRenderer.cpp" />
    <ClCompile Include="$(MSBuildThisFileDirectory)pApplication.cpp">
      <Filter>application</Filter>
    </ClCompile>
    <ClCompile Include="$(MSBuildThisFileDirectory)pInput.cpp">
      <Filter>util</Filter>
    </ClCompile>
    <ClCompile Include="$(MSBuildThisFileDirectory)pTime.cpp">
      <Filter>util</Filter>
    </ClCompile>
    <ClCompile Include="$(MSBuildThisFileDirectory)pMath.cpp">
      <Filter>util</Filter>
    </ClCompile>
    <ClCompile Include="$(MSBuildThisFileDirectory)pResource.cpp">
      <Filter>resource</Filter>
    </ClCompile>
    <ClCompile Include="$(MSBuildThisFileDirectory)pResources.cpp">
      <Filter>resource</Filter>
    </ClCompile>
    <ClCompile Include="$(MSBuildThisFileDirectory)pTexture.cpp">
      <Filter>resource</Filter>
    </ClCompile>
    <ClCompile Include="$(MSBuildThisFileDirectory)pEntity.cpp">
      <Filter>util</Filter>
    </ClCompile>
    <ClCompile Include="$(MSBuildThisFileDirectory)pAnimator.cpp" />
    <ClCompile Include="$(MSBuildThisFileDirectory)pSpriteRenderer.cpp">
      <Filter>component</Filter>
    </ClCompile>
    <ClCompile Include="$(MSBuildThisFileDirectory)pTransform.cpp">
      <Filter>component</Filter>
    </ClCompile>
    <ClCompile Include="$(MSBuildThisFileDirectory)pCamera.cpp">
      <Filter>component</Filter>
    </ClCompile>
    <ClCompile Include="$(MSBuildThisFileDirectory)pAnimtation.cpp">
      <Filter>component</Filter>
    </ClCompile>
    <ClCompile Include="$(MSBuildThisFileDirectory)pComponent.cpp">
      <Filter>component</Filter>
    </ClCompile>
    <ClCompile Include="$(MSBuildThisFileDirectory)pBoxCollider2D.cpp">
      <Filter>collider</Filter>
    </ClCompile>
    <ClCompile Include="$(MSBuildThisFileDirectory)pCircleCollider2D.cpp">
      <Filter>collider</Filter>
    </ClCompile>
    <ClCompile Include="$(MSBuildThisFileDirectory)pCollider.cpp">
      <Filter>collider</Filter>
    </ClCompile>
    <ClCompile Include="$(MSBuildThisFileDirectory)pCollisionManager.cpp">
      <Filter>collider</Filter>
    </ClCompile>
    <ClCompile Include="$(MSBuildThisFileDirectory)pDontDestroyOnLoad.cpp" />
  </ItemGroup>
  <ItemGroup>
    <ClInclude Include="$(MSBuildThisFileDirectory)pGameObject.h" />
    <ClInclude Include="$(MSBuildThisFileDirectory)pRenderer.h" />
    <ClInclude Include="$(MSBuildThisFileDirectory)pScene.h" />
    <ClInclude Include="$(MSBuildThisFileDirectory)pSceneManager.h" />
    <ClInclude Include="$(MSBuildThisFileDirectory)pScript.h" />
    <ClInclude Include="$(MSBuildThisFileDirectory)pLayer.h" />
    <ClInclude Include="$(MSBuildThisFileDirectory)pApplication.h">
      <Filter>application</Filter>
    </ClInclude>
    <ClInclude Include="$(MSBuildThisFileDirectory)CommonInclude.h">
      <Filter>util</Filter>
    </ClInclude>
    <ClInclude Include="$(MSBuildThisFileDirectory)pEnum.h">
      <Filter>util</Filter>
    </ClInclude>
    <ClInclude Include="$(MSBuildThisFileDirectory)pInput.h">
      <Filter>util</Filter>
    </ClInclude>
    <ClInclude Include="$(MSBuildThisFileDirectory)pTime.h">
      <Filter>util</Filter>
    </ClInclude>
    <ClInclude Include="$(MSBuildThisFileDirectory)pMath.h">
      <Filter>util</Filter>
    </ClInclude>
    <ClInclude Include="$(MSBuildThisFileDirectory)pObject.h" />
    <ClInclude Include="$(MSBuildThisFileDirectory)pResource.h">
      <Filter>resource</Filter>
    </ClInclude>
    <ClInclude Include="$(MSBuildThisFileDirectory)pResources.h">
      <Filter>resource</Filter>
    </ClInclude>
    <ClInclude Include="$(MSBuildThisFileDirectory)pTexture.h">
      <Filter>resource</Filter>
    </ClInclude>
    <ClInclude Include="$(MSBuildThisFileDirectory)pEntity.h">
      <Filter>util</Filter>
    </ClInclude>
    <ClInclude Include="$(MSBuildThisFileDirectory)pAnimator.h" />
    <ClInclude Include="$(MSBuildThisFileDirectory)pSpriteRenderer.h">
      <Filter>component</Filter>
    </ClInclude>
    <ClInclude Include="$(MSBuildThisFileDirectory)pCamera.h">
      <Filter>component</Filter>
    </ClInclude>
    <ClInclude Include="$(MSBuildThisFileDirectory)pAnimation.h">
      <Filter>component</Filter>
    </ClInclude>
    <ClInclude Include="$(MSBuildThisFileDirectory)pTransform.h">
      <Filter>component</Filter>
    </ClInclude>
    <ClInclude Include="$(MSBuildThisFileDirectory)pComponent.h">
      <Filter>component</Filter>
    </ClInclude>
    <ClInclude Include="$(MSBuildThisFileDirectory)pBoxCollider2D.h">
      <Filter>collider</Filter>
    </ClInclude>
    <ClInclude Include="$(MSBuildThisFileDirectory)pCircleCollider2D.h">
      <Filter>collider</Filter>
    </ClInclude>
    <ClInclude Include="$(MSBuildThisFileDirectory)pCollider.h">
      <Filter>collider</Filter>
    </ClInclude>
    <ClInclude Include="$(MSBuildThisFileDirectory)pCollisionManager.h">
      <Filter>collider</Filter>
    </ClInclude>
    <ClInclude Include="$(MSBuildThisFileDirectory)pDontDestroyOnLoad.h" />
  </ItemGroup>
  <ItemGroup>
    <Filter Include="util">
      <UniqueIdentifier>{731748b7-adc5-46e7-820b-642caa4c35ea}</UniqueIdentifier>
    </Filter>
    <Filter Include="application">
      <UniqueIdentifier>{2ca2ee19-57df-47d4-857b-8fbb72566142}</UniqueIdentifier>
    </Filter>
    <Filter Include="resource">
      <UniqueIdentifier>{8f87a60b-d456-4c06-87b9-a4b02b292e90}</UniqueIdentifier>
    </Filter>
    <Filter Include="component">
      <UniqueIdentifier>{86f72f2b-2a23-46a6-8867-3321c4e4a792}</UniqueIdentifier>
    </Filter>
    <Filter Include="collider">
      <UniqueIdentifier>{50e54c3c-a62e-4506-82f9-6a607236f739}</UniqueIdentifier>
    </Filter>
  </ItemGroup>
</Project>